
Microsoft Visual Studio Solution File, Format Version 12.00
# Visual Studio Version 17
VisualStudioVersion = 17.5.33414.496
MinimumVisualStudioVersion = 10.0.40219.1
Project("{FAE04EC0-301F-11D3-BF4B-00C04F79EFBC}") = "QL_DiemHSTieuHoc", "QL_DiemHSTieuHoc\QL_DiemHSTieuHoc.csproj", "{502F8C35-B82F-4912-8522-2AD78BC94479}"
EndProject
Project("{FAE04EC0-301F-11D3-BF4B-00C04F79EFBC}") = "DataAccessLayer", "DataAccessLayer\DataAccessLayer.csproj", "{7D4B41EF-221D-4CF4-A342-20D1EA981B26}"
EndProject
Project("{FAE04EC0-301F-11D3-BF4B-00C04F79EFBC}") = "BusinessLogicLayer", "BusinessLogicLayer\BusinessLogicLayer.csproj", "{2823BFEB-63D8-4B58-8311-EE890837A0E4}"
EndProject
Project("{FAE04EC0-301F-11D3-BF4B-00C04F79EFBC}") = "ValueObject", "ValueObject\ValueObject.csproj", "{BE83E8CC-F854-441A-85C7-D747AB3A3316}"
EndProject
Global
	GlobalSection(SolutionConfigurationPlatforms) = preSolution
		Debug|Any CPU = Debug|Any CPU
		Release|Any CPU = Release|Any CPU
	EndGlobalSection
	GlobalSection(ProjectConfigurationPlatforms) = postSolution
		{502F8C35-B82F-4912-8522-2AD78BC94479}.Debug|Any CPU.ActiveCfg = Debug|Any CPU
		{502F8C35-B82F-4912-8522-2AD78BC94479}.Debug|Any CPU.Build.0 = Debug|Any CPU
		{502F8C35-B82F-4912-8522-2AD78BC94479}.Release|Any CPU.ActiveCfg = Release|Any CPU
		{502F8C35-B82F-4912-8522-2AD78BC94479}.Release|Any CPU.Build.0 = Release|Any CPU
		{7D4B41EF-221D-4CF4-A342-20D1EA981B26}.Debug|Any CPU.ActiveCfg = Debug|Any CPU
		{7D4B41EF-221D-4CF4-A342-20D1EA981B26}.Debug|Any CPU.Build.0 = Debug|Any CPU
		{7D4B41EF-221D-4CF4-A342-20D1EA981B26}.Release|Any CPU.ActiveCfg = Release|Any CPU
		{7D4B41EF-221D-4CF4-A342-20D1EA981B26}.Release|Any CPU.Build.0 = Release|Any CPU
		{2823BFEB-63D8-4B58-8311-EE890837A0E4}.Debug|Any CPU.ActiveCfg = Debug|Any CPU
		{2823BFEB-63D8-4B58-8311-EE890837A0E4}.Debug|Any CPU.Build.0 = Debug|Any CPU
		{2823BFEB-63D8-4B58-8311-EE890837A0E4}.Release|Any CPU.ActiveCfg = Release|Any CPU
		{2823BFEB-63D8-4B58-8311-EE890837A0E4}.Release|Any CPU.Build.0 = Release|Any CPU
		{BE83E8CC-F854-441A-85C7-D747AB3A3316}.Debug|Any CPU.ActiveCfg = Debug|Any CPU
		{BE83E8CC-F854-441A-85C7-D747AB3A3316}.Debug|Any CPU.Build.0 = Debug|Any CPU
		{BE83E8CC-F854-441A-85C7-D747AB3A3316}.Release|Any CPU.ActiveCfg = Release|Any CPU
		{BE83E8CC-F854-441A-85C7-D747AB3A3316}.Release|Any CPU.Build.0 = Release|Any CPU
	EndGlobalSection
	GlobalSection(SolutionProperties) = preSolution
		HideSolutionNode = FALSE
	EndGlobalSection
	GlobalSection(ExtensibilityGlobals) = postSolution
		SolutionGuid = {4506B5F5-8C3A-4F12-9B32-EA536D480F66}
	EndGlobalSection
EndGlobal
